
Microsoft Visual Studio Solution File, Format Version 12.00
# Visual Studio 15
VisualStudioVersion = 15.0.28307.902
MinimumVisualStudioVersion = 10.0.40219.1
Project("{8BC9CEB8-8B4A-11D0-8D11-00A0C91BC942}") = "ConsoleApplication24", "ConsoleApplication24\ConsoleApplication24.vcxproj", "{489DBFA0-288E-40C1-AFB3-AF1EA5EFAAA2}"
EndProject
Global
	GlobalSection(SolutionConfigurationPlatforms) = preSolution
		Debug|x64 = Debug|x64
		Debug|x86 = Debug|x86
		Release|x64 = Release|x64
		Release|x86 = Release|x86
	EndGlobalSection
	GlobalSection(ProjectConfigurationPlatforms) = postSolution
		{489DBFA0-288E-40C1-AFB3-AF1EA5EFAAA2}.Debug|x64.ActiveCfg = Debug|x64
		{489DBFA0-288E-40C1-AFB3-AF1EA5EFAAA2}.Debug|x64.Build.0 = Debug|x64
		{489DBFA0-288E-40C1-AFB3-AF1EA5EFAAA2}.Debug|x86.ActiveCfg = Debug|Win32
		{489DBFA0-288E-40C1-AFB3-AF1EA5EFAAA2}.Debug|x86.Build.0 = Debug|Win32
		{489DBFA0-288E-40C1-AFB3-AF1EA5EFAAA2}.Release|x64.ActiveCfg = Release|x64
		{489DBFA0-288E-40C1-AFB3-AF1EA5EFAAA2}.Release|x64.Build.0 = Release|x64
		{489DBFA0-288E-40C1-AFB3-AF1EA5EFAAA2}.Release|x86.ActiveCfg = Release|Win32
		{489DBFA0-288E-40C1-AFB3-AF1EA5EFAAA2}.Release|x86.Build.0 = Release|Win32
	EndGlobalSection
	GlobalSection(SolutionProperties) = preSolution
		HideSolutionNode = FALSE
	EndGlobalSection
	GlobalSection(ExtensibilityGlobals) = postSolution
		SolutionGuid = {7431213E-54BE-4404-B915-CFC1E1745BC5}
	EndGlobalSection
EndGlobal
